// !$*UTF8*$!
{
	archiveVersion = 1;
	classes = {
	};
	objectVersion = 50;
	objects = {

/* Begin PBXBuildFile section */
		D16488E323EAA3A9004E2FF1 /* AppDelegate.swift in Sources */ = {isa = PBXBuildFile; fileRef = D16488E223EAA3A9004E2FF1 /* AppDelegate.swift */; };
		D16488E523EAA3A9004E2FF1 /* SceneDelegate.swift in Sources */ = {isa = PBXBuildFile; fileRef = D16488E423EAA3A9004E2FF1 /* SceneDelegate.swift */; };
		D16488E723EAA3A9004E2FF1 /* ViewController.swift in Sources */ = {isa = PBXBuildFile; fileRef = D16488E623EAA3A9004E2FF1 /* ViewController.swift */; };
		D16488EC23EAA3AB004E2FF1 /* Assets.xcassets in Resources */ = {isa = PBXBuildFile; fileRef = D16488EB23EAA3AB004E2FF1 /* Assets.xcassets */; };
		D16488EF23EAA3AB004E2FF1 /* LaunchScreen.storyboard in Resources */ = {isa = PBXBuildFile; fileRef = D16488ED23EAA3AB004E2FF1 /* LaunchScreen.storyboard */; };
		D16488F723EAA900004E2FF1 /* Button.swift in Sources */ = {isa = PBXBuildFile; fileRef = D16488F623EAA900004E2FF1 /* Button.swift */; };
		D16488F923EAA951004E2FF1 /* BodyLabel.swift in Sources */ = {isa = PBXBuildFile; fileRef = D16488F823EAA951004E2FF1 /* BodyLabel.swift */; };
		D16488FB23EAA96B004E2FF1 /* TitleLabel.swift in Sources */ = {isa = PBXBuildFile; fileRef = D16488FA23EAA96B004E2FF1 /* TitleLabel.swift */; };
		D16488FD23EAA987004E2FF1 /* TextField.swift in Sources */ = {isa = PBXBuildFile; fileRef = D16488FC23EAA987004E2FF1 /* TextField.swift */; };
		D16488FF23EAA9C0004E2FF1 /* ContainerView.swift in Sources */ = {isa = PBXBuildFile; fileRef = D16488FE23EAA9C0004E2FF1 /* ContainerView.swift */; };
/* End PBXBuildFile section */

/* Begin PBXFileReference section */
		D16488DF23EAA3A9004E2FF1 /* EasyMindMap.app */ = {isa = PBXFileReference; explicitFileType = wrapper.application; includeInIndex = 0; path = EasyMindMap.app; sourceTree = BUILT_PRODUCTS_DIR; };
		D16488E223EAA3A9004E2FF1 /* AppDelegate.swift */ = {isa = PBXFileReference; lastKnownFileType = sourcecode.swift; path = AppDelegate.swift; sourceTree = "<group>"; };
		D16488E423EAA3A9004E2FF1 /* SceneDelegate.swift */ = {isa = PBXFileReference; lastKnownFileType = sourcecode.swift; path = SceneDelegate.swift; sourceTree = "<group>"; };
		D16488E623EAA3A9004E2FF1 /* ViewController.swift */ = {isa = PBXFileReference; lastKnownFileType = sourcecode.swift; path = ViewController.swift; sourceTree = "<group>"; };
		D16488EB23EAA3AB004E2FF1 /* Assets.xcassets */ = {isa = PBXFileReference; lastKnownFileType = folder.assetcatalog; path = Assets.xcassets; sourceTree = "<group>"; };
		D16488EE23EAA3AB004E2FF1 /* Base */ = {isa = PBXFileReference; lastKnownFileType = file.storyboard; name = Base; path = Base.lproj/LaunchScreen.storyboard; sourceTree = "<group>"; };
		D16488F023EAA3AB004E2FF1 /* Info.plist */ = {isa = PBXFileReference; lastKnownFileType = text.plist.xml; path = Info.plist; sourceTree = "<group>"; };
		D16488F623EAA900004E2FF1 /* Button.swift */ = {isa = PBXFileReference; lastKnownFileType = sourcecode.swift; path = Button.swift; sourceTree = "<group>"; };
		D16488F823EAA951004E2FF1 /* BodyLabel.swift */ = {isa = PBXFileReference; lastKnownFileType = sourcecode.swift; path = BodyLabel.swift; sourceTree = "<group>"; };
		D16488FA23EAA96B004E2FF1 /* TitleLabel.swift */ = {isa = PBXFileReference; lastKnownFileType = sourcecode.swift; path = TitleLabel.swift; sourceTree = "<group>"; };
		D16488FC23EAA987004E2FF1 /* TextField.swift */ = {isa = PBXFileReference; lastKnownFileType = sourcecode.swift; path = TextField.swift; sourceTree = "<group>"; };
		D16488FE23EAA9C0004E2FF1 /* ContainerView.swift */ = {isa = PBXFileReference; lastKnownFileType = sourcecode.swift; path = ContainerView.swift; sourceTree = "<group>"; };
/* End PBXFileReference section */

/* Begin PBXFrameworksBuildPhase section */
		D16488DC23EAA3A9004E2FF1 /* Frameworks */ = {
			isa = PBXFrameworksBuildPhase;
			buildActionMask = 2147483647;
			files = (
			);
			runOnlyForDeploymentPostprocessing = 0;
		};
/* End PBXFrameworksBuildPhase section */

/* Begin PBXGroup section */
		D16488D623EAA3A9004E2FF1 = {
			isa = PBXGroup;
			children = (
				D16488E123EAA3A9004E2FF1 /* EasyMindMap */,
				D16488E023EAA3A9004E2FF1 /* Products */,
			);
			sourceTree = "<group>";
		};
		D16488E023EAA3A9004E2FF1 /* Products */ = {
			isa = PBXGroup;
			children = (
				D16488DF23EAA3A9004E2FF1 /* EasyMindMap.app */,
			);
			name = Products;
			sourceTree = "<group>";
		};
		D16488E123EAA3A9004E2FF1 /* EasyMindMap */ = {
			isa = PBXGroup;
			children = (
				D16488E223EAA3A9004E2FF1 /* AppDelegate.swift */,
				D16488E423EAA3A9004E2FF1 /* SceneDelegate.swift */,
				D16488E623EAA3A9004E2FF1 /* ViewController.swift */,
				D164890023EAAA00004E2FF1 /* UiComponents */,
				D16488EB23EAA3AB004E2FF1 /* Assets.xcassets */,
				D16488ED23EAA3AB004E2FF1 /* LaunchScreen.storyboard */,
				D16488F023EAA3AB004E2FF1 /* Info.plist */,
			);
			path = EasyMindMap;
			sourceTree = "<group>";
		};
		D164890023EAAA00004E2FF1 /* UiComponents */ = {
			isa = PBXGroup;
			children = (
				D16488F623EAA900004E2FF1 /* Button.swift */,
				D16488F823EAA951004E2FF1 /* BodyLabel.swift */,
				D16488FA23EAA96B004E2FF1 /* TitleLabel.swift */,
				D16488FC23EAA987004E2FF1 /* TextField.swift */,
				D16488FE23EAA9C0004E2FF1 /* ContainerView.swift */,
			);
			path = UiComponents;
			sourceTree = "<group>";
		};
/* End PBXGroup section */

/* Begin PBXNativeTarget section */
		D16488DE23EAA3A9004E2FF1 /* EasyMindMap */ = {
			isa = PBXNativeTarget;
			buildConfigurationList = D16488F323EAA3AB004E2FF1 /* Build configuration list for PBXNativeTarget "EasyMindMap" */;
			buildPhases = (
				D16488DB23EAA3A9004E2FF1 /* Sources */,
				D16488DC23EAA3A9004E2FF1 /* Frameworks */,
				D16488DD23EAA3A9004E2FF1 /* Resources */,
			);
			buildRules = (
			);
			dependencies = (
			);
			name = EasyMindMap;
			productName = EasyMindMap;
			productReference = D16488DF23EAA3A9004E2FF1 /* EasyMindMap.app */;
			productType = "com.apple.product-type.application";
		};
/* End PBXNativeTarget section */

/* Begin PBXProject section */
		D16488D723EAA3A9004E2FF1 /* Project object */ = {
			isa = PBXProject;
			attributes = {
				LastSwiftUpdateCheck = 1100;
				LastUpgradeCheck = 1100;
				ORGANIZATIONNAME = "Artem Klimkin";
				TargetAttributes = {
					D16488DE23EAA3A9004E2FF1 = {
						CreatedOnToolsVersion = 11.0;
					};
				};
			};
			buildConfigurationList = D16488DA23EAA3A9004E2FF1 /* Build configuration list for PBXProject "EasyMindMap" */;
			compatibilityVersion = "Xcode 9.3";
			developmentRegion = en;
			hasScannedForEncodings = 0;
			knownRegions = (
				en,
				Base,
			);
			mainGroup = D16488D623EAA3A9004E2FF1;
			productRefGroup = D16488E023EAA3A9004E2FF1 /* Products */;
			projectDirPath = "";
			projectRoot = "";
			targets = (
				D16488DE23EAA3A9004E2FF1 /* EasyMindMap */,
			);
		};
/* End PBXProject section */

/* Begin PBXResourcesBuildPhase section */
		D16488DD23EAA3A9004E2FF1 /* Resources */ = {
			isa = PBXResourcesBuildPhase;
			buildActionMask = 2147483647;
			files = (
				D16488EF23EAA3AB004E2FF1 /* LaunchScreen.storyboard in Resources */,
				D16488EC23EAA3AB004E2FF1 /* Assets.xcassets in Resources */,
			);
			runOnlyForDeploymentPostprocessing = 0;
		};
/* End PBXResourcesBuildPhase section */

/* Begin PBXSourcesBuildPhase section */
		D16488DB23EAA3A9004E2FF1 /* Sources */ = {
			isa = PBXSourcesBuildPhase;
			buildActionMask = 2147483647;
			files = (
				D16488E723EAA3A9004E2FF1 /* ViewController.swift in Sources */,
				D16488E323EAA3A9004E2FF1 /* AppDelegate.swift in Sources */,
				D16488F923EAA951004E2FF1 /* BodyLabel.swift in Sources */,
				D16488FD23EAA987004E2FF1 /* TextField.swift in Sources */,
				D16488FF23EAA9C0004E2FF1 /* ContainerView.swift in Sources */,
				D16488FB23EAA96B004E2FF1 /* TitleLabel.swift in Sources */,
				D16488E523EAA3A9004E2FF1 /* SceneDelegate.swift in Sources */,
				D16488F723EAA900004E2FF1 /* Button.swift in Sources */,
			);
			runOnlyForDeploymentPostprocessing = 0;
		};
/* End PBXSourcesBuildPhase section */

/* Begin PBXVariantGroup section */
		D16488ED23EAA3AB004E2FF1 /* LaunchScreen.storyboard */ = {
			isa = PBXVariantGroup;
			children = (
				D16488EE23EAA3AB004E2FF1 /* Base */,
			);
			name = LaunchScreen.storyboard;
			sourceTree = "<group>";
		};
/* End PBXVariantGroup section */

/* Begin XCBuildConfiguration section */
		D16488F123EAA3AB004E2FF1 /* Debug */ = {
			isa = XCBuildConfiguration;
			buildSettings = {
				ALWAYS_SEARCH_USER_PATHS = NO;
				CLANG_ANALYZER_NONNULL = YES;
				CLANG_ANALYZER_NUMBER_OBJECT_CONVERSION = YES_AGGRESSIVE;
				CLANG_CXX_LANGUAGE_STANDARD = "gnu++14";
				CLANG_CXX_LIBRARY = "libc++";
				CLANG_ENABLE_MODULES = YES;
				CLANG_ENABLE_OBJC_ARC = YES;
				CLANG_ENABLE_OBJC_WEAK = YES;
				CLANG_WARN_BLOCK_CAPTURE_AUTORELEASING = YES;
				CLANG_WARN_BOOL_CONVERSION = YES;
				CLANG_WARN_COMMA = YES;
				CLANG_WARN_CONSTANT_CONVERSION = YES;
				CLANG_WARN_DEPRECATED_OBJC_IMPLEMENTATIONS = YES;
				CLANG_WARN_DIRECT_OBJC_ISA_USAGE = YES_ERROR;
				CLANG_WARN_DOCUMENTATION_COMMENTS = YES;
				CLANG_WARN_EMPTY_BODY = YES;
				CLANG_WARN_ENUM_CONVERSION = YES;
				CLANG_WARN_INFINITE_RECURSION = YES;
				CLANG_WARN_INT_CONVERSION = YES;
				CLANG_WARN_NON_LITERAL_NULL_CONVERSION = YES;
				CLANG_WARN_OBJC_IMPLICIT_RETAIN_SELF = YES;
				CLANG_WARN_OBJC_LITERAL_CONVERSION = YES;
				CLANG_WARN_OBJC_ROOT_CLASS = YES_ERROR;
				CLANG_WARN_RANGE_LOOP_ANALYSIS = YES;
				CLANG_WARN_STRICT_PROTOTYPES = YES;
				CLANG_WARN_SUSPICIOUS_MOVE = YES;
				CLANG_WARN_UNGUARDED_AVAILABILITY = YES_AGGRESSIVE;
				CLANG_WARN_UNREACHABLE_CODE = YES;
				CLANG_WARN__DUPLICATE_METHOD_MATCH = YES;
				COPY_PHASE_STRIP = NO;
				DEBUG_INFORMATION_FORMAT = dwarf;
				ENABLE_STRICT_OBJC_MSGSEND = YES;
				ENABLE_TESTABILITY = YES;
				GCC_C_LANGUAGE_STANDARD = gnu11;
				GCC_DYNAMIC_NO_PIC = NO;
				GCC_NO_COMMON_BLOCKS = YES;
				GCC_OPTIMIZATION_LEVEL = 0;
				GCC_PREPROCESSOR_DEFINITIONS = (
					"DEBUG=1",
					"$(inherited)",
				);
				GCC_WARN_64_TO_32_BIT_CONVERSION = YES;
				GCC_WARN_ABOUT_RETURN_TYPE = YES_ERROR;
				GCC_WARN_UNDECLARED_SELECTOR = YES;
				GCC_WARN_UNINITIALIZED_AUTOS = YES_AGGRESSIVE;
				GCC_WARN_UNUSED_FUNCTION = YES;
				GCC_WARN_UNUSED_VARIABLE = YES;
				IPHONEOS_DEPLOYMENT_TARGET = 13.0;
				MTL_ENABLE_DEBUG_INFO = INCLUDE_SOURCE;
				MTL_FAST_MATH = YES;
				ONLY_ACTIVE_ARCH = YES;
				SDKROOT = iphoneos;
				SWIFT_ACTIVE_COMPILATION_CONDITIONS = DEBUG;
				SWIFT_OPTIMIZATION_LEVEL = "-Onone";
			};
			name = Debug;
		};
		D16488F223EAA3AB004E2FF1 /* Release */ = {
			isa = XCBuildConfiguration;
			buildSettings = {
				ALWAYS_SEARCH_USER_PATHS = NO;
				CLANG_ANALYZER_NONNULL = YES;
				CLANG_ANALYZER_NUMBER_OBJECT_CONVERSION = YES_AGGRESSIVE;
				CLANG_CXX_LANGUAGE_STANDARD = "gnu++14";
				CLANG_CXX_LIBRARY = "libc++";
				CLANG_ENABLE_MODULES = YES;
				CLANG_ENABLE_OBJC_ARC = YES;
				CLANG_ENABLE_OBJC_WEAK = YES;
				CLANG_WARN_BLOCK_CAPTURE_AUTORELEASING = YES;
				CLANG_WARN_BOOL_CONVERSION = YES;
				CLANG_WARN_COMMA = YES;
				CLANG_WARN_CONSTANT_CONVERSION = YES;
				CLANG_WARN_DEPRECATED_OBJC_IMPLEMENTATIONS = YES;
				CLANG_WARN_DIRECT_OBJC_ISA_USAGE = YES_ERROR;
				CLANG_WARN_DOCUMENTATION_COMMENTS = YES;
				CLANG_WARN_EMPTY_BODY = YES;
				CLANG_WARN_ENUM_CONVERSION = YES;
				CLANG_WARN_INFINITE_RECURSION = YES;
				CLANG_WARN_INT_CONVERSION = YES;
				CLANG_WARN_NON_LITERAL_NULL_CONVERSION = YES;
				CLANG_WARN_OBJC_IMPLICIT_RETAIN_SELF = YES;
				CLANG_WARN_OBJC_LITERAL_CONVERSION = YES;
				CLANG_WARN_OBJC_ROOT_CLASS = YES_ERROR;
				CLANG_WARN_RANGE_LOOP_ANALYSIS = YES;
				CLANG_WARN_STRICT_PROTOTYPES = YES;
				CLANG_WARN_SUSPICIOUS_MOVE = YES;
				CLANG_WARN_UNGUARDED_AVAILABILITY = YES_AGGRESSIVE;
				CLANG_WARN_UNREACHABLE_CODE = YES;
				CLANG_WARN__DUPLICATE_METHOD_MATCH = YES;
				COPY_PHASE_STRIP = NO;
				DEBUG_INFORMATION_FORMAT = "dwarf-with-dsym";
				ENABLE_NS_ASSERTIONS = NO;
				ENABLE_STRICT_OBJC_MSGSEND = YES;
				GCC_C_LANGUAGE_STANDARD = gnu11;
				GCC_NO_COMMON_BLOCKS = YES;
				GCC_WARN_64_TO_32_BIT_CONVERSION = YES;
				GCC_WARN_ABOUT_RETURN_TYPE = YES_ERROR;
				GCC_WARN_UNDECLARED_SELECTOR = YES;
				GCC_WARN_UNINITIALIZED_AUTOS = YES_AGGRESSIVE;
				GCC_WARN_UNUSED_FUNCTION = YES;
				GCC_WARN_UNUSED_VARIABLE = YES;
				IPHONEOS_DEPLOYMENT_TARGET = 13.0;
				MTL_ENABLE_DEBUG_INFO = NO;
				MTL_FAST_MATH = YES;
				SDKROOT = iphoneos;
				SWIFT_COMPILATION_MODE = wholemodule;
				SWIFT_OPTIMIZATION_LEVEL = "-O";
				VALIDATE_PRODUCT = YES;
			};
			name = Release;
		};
		D16488F423EAA3AB004E2FF1 /* Debug */ = {
			isa = XCBuildConfiguration;
			buildSettings = {
				ASSETCATALOG_COMPILER_APPICON_NAME = AppIcon;
				CODE_SIGN_STYLE = Automatic;
				DEVELOPMENT_TEAM = J4G62DQ956;
				INFOPLIST_FILE = EasyMindMap/Info.plist;
				LD_RUNPATH_SEARCH_PATHS = (
					"$(inherited)",
					"@executable_path/Frameworks",
				);
				PRODUCT_BUNDLE_IDENTIFIER = com.ArtemKlimkin.EasyMindMap;
				PRODUCT_NAME = "$(TARGET_NAME)";
				SWIFT_VERSION = 5.0;
				TARGETED_DEVICE_FAMILY = 2;
			};
			name = Debug;
		};
		D16488F523EAA3AB004E2FF1 /* Release */ = {
			isa = XCBuildConfiguration;
			buildSettings = {
				ASSETCATALOG_COMPILER_APPICON_NAME = AppIcon;
				CODE_SIGN_STYLE = Automatic;
				DEVELOPMENT_TEAM = J4G62DQ956;
				INFOPLIST_FILE = EasyMindMap/Info.plist;
				LD_RUNPATH_SEARCH_PATHS = (
					"$(inherited)",
					"@executable_path/Frameworks",
				);
				PRODUCT_BUNDLE_IDENTIFIER = com.ArtemKlimkin.EasyMindMap;
				PRODUCT_NAME = "$(TARGET_NAME)";
				SWIFT_VERSION = 5.0;
				TARGETED_DEVICE_FAMILY = 2;
			};
			name = Release;
		};
/* End XCBuildConfiguration section */

/* Begin XCConfigurationList section */
		D16488DA23EAA3A9004E2FF1 /* Build configuration list for PBXProject "EasyMindMap" */ = {
			isa = XCConfigurationList;
			buildConfigurations = (
				D16488F123EAA3AB004E2FF1 /* Debug */,
				D16488F223EAA3AB004E2FF1 /* Release */,
			);
			defaultConfigurationIsVisible = 0;
			defaultConfigurationName = Release;
		};
		D16488F323EAA3AB004E2FF1 /* Build configuration list for PBXNativeTarget "EasyMindMap" */ = {
			isa = XCConfigurationList;
			buildConfigurations = (
				D16488F423EAA3AB004E2FF1 /* Debug */,
				D16488F523EAA3AB004E2FF1 /* Release */,
			);
			defaultConfigurationIsVisible = 0;
			defaultConfigurationName = Release;
		};
/* End XCConfigurationList section */
	};
	rootObject = D16488D723EAA3A9004E2FF1 /* Project object */;
}
